
Microsoft Visual Studio Solution File, Format Version 12.00
# Visual Studio Version 17
VisualStudioVersion = 17.4.33213.308
MinimumVisualStudioVersion = 10.0.40219.1
Project("{FAE04EC0-301F-11D3-BF4B-00C04F79EFBC}") = "sbQR", "sbQR\sbQR.csproj", "{01C31F35-37A1-455B-AA6D-B2710D931D89}"
EndProject
Global
	GlobalSection(SolutionConfigurationPlatforms) = preSolution
		Debug|Any CPU = Debug|Any CPU
		Release|Any CPU = Release|Any CPU
	EndGlobalSection
	GlobalSection(ProjectConfigurationPlatforms) = postSolution
		{01C31F35-37A1-455B-AA6D-B2710D931D89}.Debug|Any CPU.ActiveCfg = Debug|Any CPU
		{01C31F35-37A1-455B-AA6D-B2710D931D89}.Debug|Any CPU.Build.0 = Debug|Any CPU
		{01C31F35-37A1-455B-AA6D-B2710D931D89}.Release|Any CPU.ActiveCfg = Release|Any CPU
		{01C31F35-37A1-455B-AA6D-B2710D931D89}.Release|Any CPU.Build.0 = Release|Any CPU
	EndGlobalSection
	GlobalSection(SolutionProperties) = preSolution
		HideSolutionNode = FALSE
	EndGlobalSection
	GlobalSection(ExtensibilityGlobals) = postSolution
		SolutionGuid = {3A7E927F-94B4-4E88-BE95-188CC567F7BC}
	EndGlobalSection
EndGlobal
